// !$*UTF8*$!
{
 archiveVersion = 1;
 classes = {};
 objectVersion = 60;
 objects = {
  A00000000000000000000001 = {isa = PBXProject; attributes = {BuildIndependentTargetsInParallel = 1; LastUpgradeCheck = 1600;}; buildConfigurationList = A00000000000000000000002; compatibilityVersion = "Xcode 15.0"; developmentRegion = en; knownRegions = (en, Base); mainGroup = A00000000000000000000003; packageReferences = (A00000000000000000000004); productRefGroup = A00000000000000000000005; projectDirPath = ""; projectRoot = ""; targets = (A00000000000000000000010); };
  A00000000000000000000002 = {isa = XCConfigurationList; buildConfigurations = (A00000000000000000000006, A00000000000000000000007); defaultConfigurationIsVisible = 0; defaultConfigurationName = Release;};
  A00000000000000000000003 = {isa = PBXGroup; children = (A00000000000000000000008, A00000000000000000000005); sourceTree = "<group>";};
  A00000000000000000000004 = {isa = XCLocalSwiftPackageReference; relativePath = .;};
  A00000000000000000000005 = {isa = PBXGroup; children = (A00000000000000000000009); name = Products; sourceTree = "<group>";};
  A00000000000000000000006 = {isa = XCBuildConfiguration; buildSettings = {CLANG_ENABLE_MODULES = YES; SWIFT_VERSION = 6.0;}; name = Debug;};
  A00000000000000000000007 = {isa = XCBuildConfiguration; buildSettings = {CLANG_ENABLE_MODULES = YES; SWIFT_VERSION = 6.0;}; name = Release;};
  A00000000000000000000008 = {isa = PBXFileReference; lastKnownFileType = sourcecode.swift; path = Sources/GradingWorkspace/GradingWorkspaceApp.swift; sourceTree = "<group>";};
  A00000000000000000000009 = {isa = PBXFileReference; explicitFileType = wrapper.application; path = "Grading Workspace.app"; sourceTree = BUILT_PRODUCTS_DIR;};
  A00000000000000000000010 = {isa = PBXNativeTarget; buildConfigurationList = A00000000000000000000011; buildPhases = (A00000000000000000000012, A00000000000000000000013, A00000000000000000000014); buildRules = (); dependencies = (); name = GradingWorkspace; packageProductDependencies = (A00000000000000000000015); productName = "Grading Workspace"; productReference = A00000000000000000000009; productType = "com.apple.product-type.application";};
  A00000000000000000000011 = {isa = XCConfigurationList; buildConfigurations = (A00000000000000000000016, A00000000000000000000017); defaultConfigurationIsVisible = 0; defaultConfigurationName = Release;};
  A00000000000000000000012 = {isa = PBXSourcesBuildPhase; buildActionMask = 2147483647; files = (A00000000000000000000018); runOnlyForDeploymentPostprocessing = 0;};
  A00000000000000000000013 = {isa = PBXFrameworksBuildPhase; buildActionMask = 2147483647; files = (A00000000000000000000019); runOnlyForDeploymentPostprocessing = 0;};
  A00000000000000000000014 = {isa = PBXResourcesBuildPhase; buildActionMask = 2147483647; files = (); runOnlyForDeploymentPostprocessing = 0;};
  A00000000000000000000015 = {isa = XCSwiftPackageProductDependency; package = A00000000000000000000004; productName = WorkspaceKit;};
  A00000000000000000000016 = {isa = XCBuildConfiguration; buildSettings = {ASSETCATALOG_COMPILER_GENERATE_SWIFT_ASSET_SYMBOL_EXTENSIONS = YES; CODE_SIGN_STYLE = Automatic; CURRENT_PROJECT_VERSION = 1; ENABLE_APP_SANDBOX = YES; ENABLE_USER_SELECTED_FILES = readwrite; GENERATE_INFOPLIST_FILE = YES; INFOPLIST_KEY_CFBundleDisplayName = "Grading Workspace"; INFOPLIST_KEY_NSFaceIDUsageDescription = "Unlock your local grading workspace."; INFOPLIST_KEY_UIApplicationSceneManifest_Generation = YES; INFOPLIST_KEY_UILaunchScreen_Generation = YES; IPHONEOS_DEPLOYMENT_TARGET = 17.0; MACOSX_DEPLOYMENT_TARGET = 14.0; MARKETING_VERSION = 0.1; PRODUCT_BUNDLE_IDENTIFIER = org.local.GradingWorkspace; PRODUCT_NAME = "Grading Workspace"; SDKROOT = auto; SUPPORTED_PLATFORMS = "macosx iphoneos iphonesimulator"; SUPPORTS_MACCATALYST = NO; SWIFT_EMIT_LOC_STRINGS = YES; SWIFT_OPTIMIZATION_LEVEL = "-Onone"; TARGETED_DEVICE_FAMILY = "1,2";}; name = Debug;};
  A00000000000000000000017 = {isa = XCBuildConfiguration; buildSettings = {CODE_SIGN_STYLE = Automatic; CURRENT_PROJECT_VERSION = 1; ENABLE_APP_SANDBOX = YES; ENABLE_USER_SELECTED_FILES = readwrite; GENERATE_INFOPLIST_FILE = YES; INFOPLIST_KEY_CFBundleDisplayName = "Grading Workspace"; INFOPLIST_KEY_NSFaceIDUsageDescription = "Unlock your local grading workspace."; INFOPLIST_KEY_UIApplicationSceneManifest_Generation = YES; INFOPLIST_KEY_UILaunchScreen_Generation = YES; IPHONEOS_DEPLOYMENT_TARGET = 17.0; MACOSX_DEPLOYMENT_TARGET = 14.0; MARKETING_VERSION = 0.1; PRODUCT_BUNDLE_IDENTIFIER = org.local.GradingWorkspace; PRODUCT_NAME = "Grading Workspace"; SDKROOT = auto; SUPPORTED_PLATFORMS = "macosx iphoneos iphonesimulator"; SUPPORTS_MACCATALYST = NO; TARGETED_DEVICE_FAMILY = "1,2";}; name = Release;};
  A00000000000000000000018 = {isa = PBXBuildFile; fileRef = A00000000000000000000008;};
  A00000000000000000000019 = {isa = PBXBuildFile; productRef = A00000000000000000000015;};
 };
 rootObject = A00000000000000000000001;
}
